PODS:
  - MASegmentedControl (0.0.5)

DEPENDENCIES:
  - MASegmentedControl (from `../`)

EXTERNAL SOURCES:
  MASegmentedControl:
    :path: "../"

SPEC CHECKSUMS:
  MASegmentedControl: 9b58f9ba3a562a739b63b29e4ca2b9dc4d9c62cb

PODFILE CHECKSUM: e01e66bfc5374d99551294fce5328e9b4df801a7

COCOAPODS: 1.9.3
