PODS:
  - MASegmentedControl (0.0.1)

DEPENDENCIES:
  - MASegmentedControl (from `../../`)

EXTERNAL SOURCES:
  MASegmentedControl:
    :path: "../../"

SPEC CHECKSUMS:
  MASegmentedControl: f8e196c192e351f8e837d30cd05c7a6a8b072c51

PODFILE CHECKSUM: 1aa77b93663ad88058eed77e6551a45bb6bd5aca

COCOAPODS: 1.8.4
